
Microsoft Visual Studio Solution File, Format Version 12.00
# Visual Studio 15
Project("{FAE04EC0-301F-11D3-BF4B-00C04F79EFBC}") = "Devops_Project", "Devops_Project\Devops_Project.csproj", "{797CA263-D546-40C2-8978-3902D7E2CEC0}"
EndProject
Global
	GlobalSection(SolutionConfigurationPlatforms) = preSolution
		Debug|Any CPU = Debug|Any CPU
		Release|Any CPU = Release|Any CPU
	EndGlobalSection
	GlobalSection(ProjectConfigurationPlatforms) = postSolution
		{797CA263-D546-40C2-8978-3902D7E2CEC0}.Debug|Any CPU.ActiveCfg = Debug|Any CPU
		{797CA263-D546-40C2-8978-3902D7E2CEC0}.Debug|Any CPU.Build.0 = Debug|Any CPU
		{797CA263-D546-40C2-8978-3902D7E2CEC0}.Release|Any CPU.ActiveCfg = Release|Any CPU
		{797CA263-D546-40C2-8978-3902D7E2CEC0}.Release|Any CPU.Build.0 = Release|Any CPU
	EndGlobalSection
EndGlobal
